
Microsoft Visual Studio Solution File, Format Version 12.00
# Visual Studio 15
VisualStudioVersion = 15.0.28010.2026
MinimumVisualStudioVersion = 10.0.40219.1
Project("{9A19103F-16F7-4668-BE54-9A1E7A4F7556}") = "Bookservice.WebAPI", "Bookservice.WebAPI\Bookservice.WebAPI.csproj", "{D52DC934-3528-4E2B-881C-A98E135B6F30}"
EndProject
Project("{FAE04EC0-301F-11D3-BF4B-00C04F79EFBC}") = "Bookservice.Lib", "Bookservice.Lib\Bookservice.Lib.csproj", "{583CC044-2D10-4EAB-A1CA-A6511FD3020A}"
EndProject
Project("{FAE04EC0-301F-11D3-BF4B-00C04F79EFBC}") = "Bookservice.MVC", "Bookservice.MVC\Bookservice.MVC.csproj", "{44FFAE30-8CD7-4328-9414-B51D7FE2757D}"
EndProject
Global
	GlobalSection(SolutionConfigurationPlatforms) = preSolution
		Debug|Any CPU = Debug|Any CPU
		Release|Any CPU = Release|Any CPU
	EndGlobalSection
	GlobalSection(ProjectConfigurationPlatforms) = postSolution
		{D52DC934-3528-4E2B-881C-A98E135B6F30}.Debug|Any CPU.ActiveCfg = Debug|Any CPU
		{D52DC934-3528-4E2B-881C-A98E135B6F30}.Debug|Any CPU.Build.0 = Debug|Any CPU
		{D52DC934-3528-4E2B-881C-A98E135B6F30}.Release|Any CPU.ActiveCfg = Release|Any CPU
		{D52DC934-3528-4E2B-881C-A98E135B6F30}.Release|Any CPU.Build.0 = Release|Any CPU
		{583CC044-2D10-4EAB-A1CA-A6511FD3020A}.Debug|Any CPU.ActiveCfg = Debug|Any CPU
		{583CC044-2D10-4EAB-A1CA-A6511FD3020A}.Debug|Any CPU.Build.0 = Debug|Any CPU
		{583CC044-2D10-4EAB-A1CA-A6511FD3020A}.Release|Any CPU.ActiveCfg = Release|Any CPU
		{583CC044-2D10-4EAB-A1CA-A6511FD3020A}.Release|Any CPU.Build.0 = Release|Any CPU
		{44FFAE30-8CD7-4328-9414-B51D7FE2757D}.Debug|Any CPU.ActiveCfg = Debug|Any CPU
		{44FFAE30-8CD7-4328-9414-B51D7FE2757D}.Debug|Any CPU.Build.0 = Debug|Any CPU
		{44FFAE30-8CD7-4328-9414-B51D7FE2757D}.Release|Any CPU.ActiveCfg = Release|Any CPU
		{44FFAE30-8CD7-4328-9414-B51D7FE2757D}.Release|Any CPU.Build.0 = Release|Any CPU
	EndGlobalSection
	GlobalSection(SolutionProperties) = preSolution
		HideSolutionNode = FALSE
	EndGlobalSection
	GlobalSection(ExtensibilityGlobals) = postSolution
		SolutionGuid = {E9503934-A00F-4411-AE6C-FEC5C135FC33}
	EndGlobalSection
EndGlobal
